{
  "lib/metamorpho": {
    "rev": "16b0a90e06f3785952a48b582233b75a283d6044"
  },
  "lib/morpho-blue": {
    "rev": "55d2d99304fb3fb930c688462ae2ccabb1d533ad"
  },
  "lib/openzeppelin-contracts": {
    "rev": "0d5f54e69b2a2058bc98651a2e200f558c84a953"
  },
  "lib/solmate": {
    "rev": "e0e9ff05d8aa5c7c48465511f85a6efdf5d5c30d"
  },
  "lib/vault-v2": {
    "rev": "a14db5465fb4e066be823c2601245cc1be23923a"
  }
}